// !$*UTF8*$!
{
	archiveVersion = 1;
	classes = {
	};
	objectVersion = 46;
	objects = {

/* Begin PBXBuildFile section */
		901D69541F0F6EC3007B86DB /* AsyncSocket.m in Sources */ = {isa = PBXBuildFile; fileRef = 901D69461F0F6EC3007B86DB /* AsyncSocket.m */; settings = {COMPILER_FLAGS = "-fno-objc-arc"; }; };
		901D69551F0F6EC3007B86DB /* AsyncUdpSocket.m in Sources */ = {isa = PBXBuildFile; fileRef = 901D69481F0F6EC3007B86DB /* AsyncUdpSocket.m */; settings = {COMPILER_FLAGS = "-fno-objc-arc"; }; };
		901D69561F0F6EC3007B86DB /* DeveiceDataModel.m in Sources */ = {isa = PBXBuildFile; fileRef = 901D694A1F0F6EC3007B86DB /* DeveiceDataModel.m */; };
		901D69571F0F6EC3007B86DB /* IPHelper.m in Sources */ = {isa = PBXBuildFile; fileRef = 901D694C1F0F6EC3007B86DB /* IPHelper.m */; };
		901D69581F0F6EC3007B86DB /* NetWorkHelper.m in Sources */ = {isa = PBXBuildFile; fileRef = 901D694E1F0F6EC3007B86DB /* NetWorkHelper.m */; };
		901D69591F0F6EC3007B86DB /* UDPReciveManager.m in Sources */ = {isa = PBXBuildFile; fileRef = 901D69511F0F6EC3007B86DB /* UDPReciveManager.m */; settings = {COMPILER_FLAGS = "-fno-objc-arc"; }; };
		901D695A1F0F6EC3007B86DB /* UDPSendManager.m in Sources */ = {isa = PBXBuildFile; fileRef = 901D69531F0F6EC3007B86DB /* UDPSendManager.m */; settings = {COMPILER_FLAGS = "-fno-objc-arc"; }; };
		901D69651F0F6F29007B86DB /* GameViewController.m in Sources */ = {isa = PBXBuildFile; fileRef = 901D695D1F0F6F29007B86DB /* GameViewController.m */; };
		901D69661F0F6F29007B86DB /* PlayerListViewController.m in Sources */ = {isa = PBXBuildFile; fileRef = 901D695F1F0F6F29007B86DB /* PlayerListViewController.m */; };
		901D69671F0F6F29007B86DB /* ViewController.m in Sources */ = {isa = PBXBuildFile; fileRef = 901D69611F0F6F29007B86DB /* ViewController.m */; };
		901D69681F0F6F29007B86DB /* AppDelegate.m in Sources */ = {isa = PBXBuildFile; fileRef = 901D69641F0F6F29007B86DB /* AppDelegate.m */; };
		EE3D5BD71DB6201E0056968C /* main.m in Sources */ = {isa = PBXBuildFile; fileRef = EE3D5BD61DB6201E0056968C /* main.m */; };
		EE3D5BE01DB6201E0056968C /* Main.storyboard in Resources */ = {isa = PBXBuildFile; fileRef = EE3D5BDE1DB6201E0056968C /* Main.storyboard */; };
		EE3D5BE21DB6201E0056968C /* Assets.xcassets in Resources */ = {isa = PBXBuildFile; fileRef = EE3D5BE11DB6201E0056968C /* Assets.xcassets */; };
		EE3D5BE51DB6201E0056968C /* LaunchScreen.storyboard in Resources */ = {isa = PBXBuildFile; fileRef = EE3D5BE31DB6201E0056968C /* LaunchScreen.storyboard */; };
		EE3D5BF01DB6201E0056968C /* FiveChessGameTests.m in Sources */ = {isa = PBXBuildFile; fileRef = EE3D5BEF1DB6201E0056968C /* FiveChessGameTests.m */; };
		EE3D5BFB1DB6201E0056968C /* FiveChessGameUITests.m in Sources */ = {isa = PBXBuildFile; fileRef = EE3D5BFA1DB6201E0056968C /* FiveChessGameUITests.m */; };
		EE5FEB951DB734E700051710 /* GameViews.m in Sources */ = {isa = PBXBuildFile; fileRef = EE5FEB941DB734E700051710 /* GameViews.m */; };
		EE5FEBA11DB7549700051710 /* MyPoint.m in Sources */ = {isa = PBXBuildFile; fileRef = EE5FEB9B1DB7549700051710 /* MyPoint.m */; };
		EE5FEBA21DB7549700051710 /* PlayData.m in Sources */ = {isa = PBXBuildFile; fileRef = EE5FEB9D1DB7549700051710 /* PlayData.m */; };
		EE5FEBA31DB7549700051710 /* PlayManager.m in Sources */ = {isa = PBXBuildFile; fileRef = EE5FEB9F1DB7549700051710 /* PlayManager.m */; };
/* End PBXBuildFile section */

/* Begin PBXContainerItemProxy section */
		EE3D5BEC1DB6201E0056968C /* PBXContainerItemProxy */ = {
			isa = PBXContainerItemProxy;
			containerPortal = EE3D5BCA1DB6201E0056968C /* Project object */;
			proxyType = 1;
			remoteGlobalIDString = EE3D5BD11DB6201E0056968C;
			remoteInfo = FiveChessGame;
		};
		EE3D5BF71DB6201E0056968C /* PBXContainerItemProxy */ = {
			isa = PBXContainerItemProxy;
			containerPortal = EE3D5BCA1DB6201E0056968C /* Project object */;
			proxyType = 1;
			remoteGlobalIDString = EE3D5BD11DB6201E0056968C;
			remoteInfo = FiveChessGame;
		};
/* End PBXContainerItemProxy section */

/* Begin PBXFileReference section */
		901D69451F0F6EC3007B86DB /* AsyncSocket.h */ = {isa = PBXFileReference; fileEncoding = 4; lastKnownFileType = sourcecode.c.h; path = AsyncSocket.h; sourceTree = "<group>"; };
		901D69461F0F6EC3007B86DB /* AsyncSocket.m */ = {isa = PBXFileReference; fileEncoding = 4; lastKnownFileType = sourcecode.c.objc; path = AsyncSocket.m; sourceTree = "<group>"; };
		901D69471F0F6EC3007B86DB /* AsyncUdpSocket.h */ = {isa = PBXFileReference; fileEncoding = 4; lastKnownFileType = sourcecode.c.h; path = AsyncUdpSocket.h; sourceTree = "<group>"; };
		901D69481F0F6EC3007B86DB /* AsyncUdpSocket.m */ = {isa = PBXFileReference; fileEncoding = 4; lastKnownFileType = sourcecode.c.objc; path = AsyncUdpSocket.m; sourceTree = "<group>"; };
		901D69491F0F6EC3007B86DB /* DeveiceDataModel.h */ = {isa = PBXFileReference; fileEncoding = 4; lastKnownFileType = sourcecode.c.h; path = DeveiceDataModel.h; sourceTree = "<group>"; };
		901D694A1F0F6EC3007B86DB /* DeveiceDataModel.m */ = {isa = PBXFileReference; fileEncoding = 4; lastKnownFileType = sourcecode.c.objc; path = DeveiceDataModel.m; sourceTree = "<group>"; };
		901D694B1F0F6EC3007B86DB /* IPHelper.h */ = {isa = PBXFileReference; fileEncoding = 4; lastKnownFileType = sourcecode.c.h; path = IPHelper.h; sourceTree = "<group>"; };
		901D694C1F0F6EC3007B86DB /* IPHelper.m */ = {isa = PBXFileReference; fileEncoding = 4; lastKnownFileType = sourcecode.c.objc; path = IPHelper.m; sourceTree = "<group>"; };
		901D694D1F0F6EC3007B86DB /* NetWorkHelper.h */ = {isa = PBXFileReference; fileEncoding = 4; lastKnownFileType = sourcecode.c.h; path = NetWorkHelper.h; sourceTree = "<group>"; };
		901D694E1F0F6EC3007B86DB /* NetWorkHelper.m */ = {isa = PBXFileReference; fileEncoding = 4; lastKnownFileType = sourcecode.c.objc; path = NetWorkHelper.m; sourceTree = "<group>"; };
		901D69501F0F6EC3007B86DB /* UDPReciveManager.h */ = {isa = PBXFileReference; fileEncoding = 4; lastKnownFileType = sourcecode.c.h; path = UDPReciveManager.h; sourceTree = "<group>"; };
		901D69511F0F6EC3007B86DB /* UDPReciveManager.m */ = {isa = PBXFileReference; fileEncoding = 4; lastKnownFileType = sourcecode.c.objc; path = UDPReciveManager.m; sourceTree = "<group>"; };
		901D69521F0F6EC3007B86DB /* UDPSendManager.h */ = {isa = PBXFileReference; fileEncoding = 4; lastKnownFileType = sourcecode.c.h; path = UDPSendManager.h; sourceTree = "<group>"; };
		901D69531F0F6EC3007B86DB /* UDPSendManager.m */ = {isa = PBXFileReference; fileEncoding = 4; lastKnownFileType = sourcecode.c.objc; path = UDPSendManager.m; sourceTree = "<group>"; };
		901D695C1F0F6F29007B86DB /* GameViewController.h */ = {isa = PBXFileReference; fileEncoding = 4; lastKnownFileType = sourcecode.c.h; path = GameViewController.h; sourceTree = "<group>"; };
		901D695D1F0F6F29007B86DB /* GameViewController.m */ = {isa = PBXFileReference; fileEncoding = 4; lastKnownFileType = sourcecode.c.objc; path = GameViewController.m; sourceTree = "<group>"; };
		901D695E1F0F6F29007B86DB /* PlayerListViewController.h */ = {isa = PBXFileReference; fileEncoding = 4; lastKnownFileType = sourcecode.c.h; path = PlayerListViewController.h; sourceTree = "<group>"; };
		901D695F1F0F6F29007B86DB /* PlayerListViewController.m */ = {isa = PBXFileReference; fileEncoding = 4; lastKnownFileType = sourcecode.c.objc; path = PlayerListViewController.m; sourceTree = "<group>"; };
		901D69601F0F6F29007B86DB /* ViewController.h */ = {isa = PBXFileReference; fileEncoding = 4; lastKnownFileType = sourcecode.c.h; path = ViewController.h; sourceTree = "<group>"; };
		901D69611F0F6F29007B86DB /* ViewController.m */ = {isa = PBXFileReference; fileEncoding = 4; lastKnownFileType = sourcecode.c.objc; path = ViewController.m; sourceTree = "<group>"; };
		901D69631F0F6F29007B86DB /* AppDelegate.h */ = {isa = PBXFileReference; fileEncoding = 4; lastKnownFileType = sourcecode.c.h; path = AppDelegate.h; sourceTree = "<group>"; };
		901D69641F0F6F29007B86DB /* AppDelegate.m */ = {isa = PBXFileReference; fileEncoding = 4; lastKnownFileType = sourcecode.c.objc; path = AppDelegate.m; sourceTree = "<group>"; };
		EE3D5BD21DB6201E0056968C /* FiveChessGame.app */ = {isa = PBXFileReference; explicitFileType = wrapper.application; includeInIndex = 0; path = FiveChessGame.app; sourceTree = BUILT_PRODUCTS_DIR; };
		EE3D5BD61DB6201E0056968C /* main.m */ = {isa = PBXFileReference; lastKnownFileType = sourcecode.c.objc; path = main.m; sourceTree = "<group>"; };
		EE3D5BDF1DB6201E0056968C /* Base */ = {isa = PBXFileReference; lastKnownFileType = file.storyboard; name = Base; path = Base.lproj/Main.storyboard; sourceTree = "<group>"; };
		EE3D5BE11DB6201E0056968C /* Assets.xcassets */ = {isa = PBXFileReference; lastKnownFileType = folder.assetcatalog; path = Assets.xcassets; sourceTree = "<group>"; };
		EE3D5BE41DB6201E0056968C /* Base */ = {isa = PBXFileReference; lastKnownFileType = file.storyboard; name = Base; path = Base.lproj/LaunchScreen.storyboard; sourceTree = "<group>"; };
		EE3D5BE61DB6201E0056968C /* Info.plist */ = {isa = PBXFileReference; lastKnownFileType = text.plist.xml; path = Info.plist; sourceTree = "<group>"; };
		EE3D5BEB1DB6201E0056968C /* FiveChessGameTests.xctest */ = {isa = PBXFileReference; explicitFileType = wrapper.cfbundle; includeInIndex = 0; path = FiveChessGameTests.xctest; sourceTree = BUILT_PRODUCTS_DIR; };
		EE3D5BEF1DB6201E0056968C /* FiveChessGameTests.m */ = {isa = PBXFileReference; lastKnownFileType = sourcecode.c.objc; path = FiveChessGameTests.m; sourceTree = "<group>"; };
		EE3D5BF11DB6201E0056968C /* Info.plist */ = {isa = PBXFileReference; lastKnownFileType = text.plist.xml; path = Info.plist; sourceTree = "<group>"; };
		EE3D5BF61DB6201E0056968C /* FiveChessGameUITests.xctest */ = {isa = PBXFileReference; explicitFileType = wrapper.cfbundle; includeInIndex = 0; path = FiveChessGameUITests.xctest; sourceTree = BUILT_PRODUCTS_DIR; };
		EE3D5BFA1DB6201E0056968C /* FiveChessGameUITests.m */ = {isa = PBXFileReference; lastKnownFileType = sourcecode.c.objc; path = FiveChessGameUITests.m; sourceTree = "<group>"; };
		EE3D5BFC1DB6201E0056968C /* Info.plist */ = {isa = PBXFileReference; lastKnownFileType = text.plist.xml; path = Info.plist; sourceTree = "<group>"; };
		EE5FEB931DB734E700051710 /* GameViews.h */ = {isa = PBXFileReference; fileEncoding = 4; lastKnownFileType = sourcecode.c.h; path = GameViews.h; sourceTree = "<group>"; };
		EE5FEB941DB734E700051710 /* GameViews.m */ = {isa = PBXFileReference; fileEncoding = 4; lastKnownFileType = sourcecode.c.objc; path = GameViews.m; sourceTree = "<group>"; };
		EE5FEB9A1DB7549700051710 /* MyPoint.h */ = {isa = PBXFileReference; fileEncoding = 4; lastKnownFileType = sourcecode.c.h; path = MyPoint.h; sourceTree = "<group>"; };
		EE5FEB9B1DB7549700051710 /* MyPoint.m */ = {isa = PBXFileReference; fileEncoding = 4; lastKnownFileType = sourcecode.c.objc; path = MyPoint.m; sourceTree = "<group>"; };
		EE5FEB9C1DB7549700051710 /* PlayData.h */ = {isa = PBXFileReference; fileEncoding = 4; lastKnownFileType = sourcecode.c.h; path = PlayData.h; sourceTree = "<group>"; };
		EE5FEB9D1DB7549700051710 /* PlayData.m */ = {isa = PBXFileReference; fileEncoding = 4; lastKnownFileType = sourcecode.c.objc; path = PlayData.m; sourceTree = "<group>"; };
		EE5FEB9E1DB7549700051710 /* PlayManager.h */ = {isa = PBXFileReference; fileEncoding = 4; lastKnownFileType = sourcecode.c.h; path = PlayManager.h; sourceTree = "<group>"; };
		EE5FEB9F1DB7549700051710 /* PlayManager.m */ = {isa = PBXFileReference; fileEncoding = 4; lastKnownFileType = sourcecode.c.objc; path = PlayManager.m; sourceTree = "<group>"; };
		EE5FEBA81DB754FD00051710 /* CFNetwork.framework */ = {isa = PBXFileReference; lastKnownFileType = wrapper.framework; name = CFNetwork.framework; path = System/Library/Frameworks/CFNetwork.framework; sourceTree = SDKROOT; };
/* End PBXFileReference section */

/* Begin PBXFrameworksBuildPhase section */
		EE3D5BCF1DB6201E0056968C /* Frameworks */ = {
			isa = PBXFrameworksBuildPhase;
			buildActionMask = 2147483647;
			files = (
			);
			runOnlyForDeploymentPostprocessing = 0;
		};
		EE3D5BE81DB6201E0056968C /* Frameworks */ = {
			isa = PBXFrameworksBuildPhase;
			buildActionMask = 2147483647;
			files = (
			);
			runOnlyForDeploymentPostprocessing = 0;
		};
		EE3D5BF31DB6201E0056968C /* Frameworks */ = {
			isa = PBXFrameworksBuildPhase;
			buildActionMask = 2147483647;
			files = (
			);
			runOnlyForDeploymentPostprocessing = 0;
		};
/* End PBXFrameworksBuildPhase section */

/* Begin PBXGroup section */
		901D69441F0F6EC3007B86DB /* Third */ = {
			isa = PBXGroup;
			children = (
				901D69451F0F6EC3007B86DB /* AsyncSocket.h */,
				901D69461F0F6EC3007B86DB /* AsyncSocket.m */,
				901D69471F0F6EC3007B86DB /* AsyncUdpSocket.h */,
				901D69481F0F6EC3007B86DB /* AsyncUdpSocket.m */,
				901D69491F0F6EC3007B86DB /* DeveiceDataModel.h */,
				901D694A1F0F6EC3007B86DB /* DeveiceDataModel.m */,
				901D694B1F0F6EC3007B86DB /* IPHelper.h */,
				901D694C1F0F6EC3007B86DB /* IPHelper.m */,
				901D694D1F0F6EC3007B86DB /* NetWorkHelper.h */,
				901D694E1F0F6EC3007B86DB /* NetWorkHelper.m */,
			);
			path = Third;
			sourceTree = "<group>";
		};
		901D694F1F0F6EC3007B86DB /* Tool */ = {
			isa = PBXGroup;
			children = (
				901D69501F0F6EC3007B86DB /* UDPReciveManager.h */,
				901D69511F0F6EC3007B86DB /* UDPReciveManager.m */,
				901D69521F0F6EC3007B86DB /* UDPSendManager.h */,
				901D69531F0F6EC3007B86DB /* UDPSendManager.m */,
			);
			path = Tool;
			sourceTree = "<group>";
		};
		901D695B1F0F6F29007B86DB /* Controllers */ = {
			isa = PBXGroup;
			children = (
				901D695C1F0F6F29007B86DB /* GameViewController.h */,
				901D695D1F0F6F29007B86DB /* GameViewController.m */,
				901D695E1F0F6F29007B86DB /* PlayerListViewController.h */,
				901D695F1F0F6F29007B86DB /* PlayerListViewController.m */,
				901D69601F0F6F29007B86DB /* ViewController.h */,
				901D69611F0F6F29007B86DB /* ViewController.m */,
			);
			path = Controllers;
			sourceTree = "<group>";
		};
		901D69621F0F6F29007B86DB /* Main */ = {
			isa = PBXGroup;
			children = (
				901D69631F0F6F29007B86DB /* AppDelegate.h */,
				901D69641F0F6F29007B86DB /* AppDelegate.m */,
			);
			path = Main;
			sourceTree = "<group>";
		};
		EE3D5BC91DB6201E0056968C = {
			isa = PBXGroup;
			children = (
				EE3D5BD41DB6201E0056968C /* FiveChessGame */,
				EE3D5BEE1DB6201E0056968C /* FiveChessGameTests */,
				EE3D5BF91DB6201E0056968C /* FiveChessGameUITests */,
				EE3D5BD31DB6201E0056968C /* Products */,
				EE5FEBA71DB754FD00051710 /* Frameworks */,
			);
			sourceTree = "<group>";
		};
		EE3D5BD31DB6201E0056968C /* Products */ = {
			isa = PBXGroup;
			children = (
				EE3D5BD21DB6201E0056968C /* FiveChessGame.app */,
				EE3D5BEB1DB6201E0056968C /* FiveChessGameTests.xctest */,
				EE3D5BF61DB6201E0056968C /* FiveChessGameUITests.xctest */,
			);
			name = Products;
			sourceTree = "<group>";
		};
		EE3D5BD41DB6201E0056968C /* FiveChessGame */ = {
			isa = PBXGroup;
			children = (
				901D695B1F0F6F29007B86DB /* Controllers */,
				901D69621F0F6F29007B86DB /* Main */,
				EE5FEB991DB7549700051710 /* GameKernel */,
				EE5FEBA01DB7549700051710 /* UDPManager */,
				EE5FEB921DB734C600051710 /* Views */,
				EE3D5BDE1DB6201E0056968C /* Main.storyboard */,
				EE3D5BE11DB6201E0056968C /* Assets.xcassets */,
				EE3D5BE31DB6201E0056968C /* LaunchScreen.storyboard */,
				EE3D5BE61DB6201E0056968C /* Info.plist */,
				EE3D5BD51DB6201E0056968C /* Supporting Files */,
			);
			path = FiveChessGame;
			sourceTree = "<group>";
		};
		EE3D5BD51DB6201E0056968C /* Supporting Files */ = {
			isa = PBXGroup;
			children = (
				EE3D5BD61DB6201E0056968C /* main.m */,
			);
			name = "Supporting Files";
			sourceTree = "<group>";
		};
		EE3D5BEE1DB6201E0056968C /* FiveChessGameTests */ = {
			isa = PBXGroup;
			children = (
				EE3D5BEF1DB6201E0056968C /* FiveChessGameTests.m */,
				EE3D5BF11DB6201E0056968C /* Info.plist */,
			);
			path = FiveChessGameTests;
			sourceTree = "<group>";
		};
		EE3D5BF91DB6201E0056968C /* FiveChessGameUITests */ = {
			isa = PBXGroup;
			children = (
				EE3D5BFA1DB6201E0056968C /* FiveChessGameUITests.m */,
				EE3D5BFC1DB6201E0056968C /* Info.plist */,
			);
			path = FiveChessGameUITests;
			sourceTree = "<group>";
		};
		EE5FEB921DB734C600051710 /* Views */ = {
			isa = PBXGroup;
			children = (
				EE5FEB931DB734E700051710 /* GameViews.h */,
				EE5FEB941DB734E700051710 /* GameViews.m */,
			);
			path = Views;
			sourceTree = "<group>";
		};
		EE5FEB991DB7549700051710 /* GameKernel */ = {
			isa = PBXGroup;
			children = (
				EE5FEB9A1DB7549700051710 /* MyPoint.h */,
				EE5FEB9B1DB7549700051710 /* MyPoint.m */,
				EE5FEB9C1DB7549700051710 /* PlayData.h */,
				EE5FEB9D1DB7549700051710 /* PlayData.m */,
				EE5FEB9E1DB7549700051710 /* PlayManager.h */,
				EE5FEB9F1DB7549700051710 /* PlayManager.m */,
			);
			path = GameKernel;
			sourceTree = "<group>";
		};
		EE5FEBA01DB7549700051710 /* UDPManager */ = {
			isa = PBXGroup;
			children = (
				901D69441F0F6EC3007B86DB /* Third */,
				901D694F1F0F6EC3007B86DB /* Tool */,
			);
			path = UDPManager;
			sourceTree = "<group>";
		};
		EE5FEBA71DB754FD00051710 /* Frameworks */ = {
			isa = PBXGroup;
			children = (
				EE5FEBA81DB754FD00051710 /* CFNetwork.framework */,
			);
			name = Frameworks;
			sourceTree = "<group>";
		};
/* End PBXGroup section */

/* Begin PBXNativeTarget section */
		EE3D5BD11DB6201E0056968C /* FiveChessGame */ = {
			isa = PBXNativeTarget;
			buildConfigurationList = EE3D5BFF1DB6201E0056968C /* Build configuration list for PBXNativeTarget "FiveChessGame" */;
			buildPhases = (
				EE3D5BCE1DB6201E0056968C /* Sources */,
				EE3D5BCF1DB6201E0056968C /* Frameworks */,
				EE3D5BD01DB6201E0056968C /* Resources */,
			);
			buildRules = (
			);
			dependencies = (
			);
			name = FiveChessGame;
			productName = FiveChessGame;
			productReference = EE3D5BD21DB6201E0056968C /* FiveChessGame.app */;
			productType = "com.apple.product-type.application";
		};
		EE3D5BEA1DB6201E0056968C /* FiveChessGameTests */ = {
			isa = PBXNativeTarget;
			buildConfigurationList = EE3D5C021DB6201E0056968C /* Build configuration list for PBXNativeTarget "FiveChessGameTests" */;
			buildPhases = (
				EE3D5BE71DB6201E0056968C /* Sources */,
				EE3D5BE81DB6201E0056968C /* Frameworks */,
				EE3D5BE91DB6201E0056968C /* Resources */,
			);
			buildRules = (
			);
			dependencies = (
				EE3D5BED1DB6201E0056968C /* PBXTargetDependency */,
			);
			name = FiveChessGameTests;
			productName = FiveChessGameTests;
			productReference = EE3D5BEB1DB6201E0056968C /* FiveChessGameTests.xctest */;
			productType = "com.apple.product-type.bundle.unit-test";
		};
		EE3D5BF51DB6201E0056968C /* FiveChessGameUITests */ = {
			isa = PBXNativeTarget;
			buildConfigurationList = EE3D5C051DB6201E0056968C /* Build configuration list for PBXNativeTarget "FiveChessGameUITests" */;
			buildPhases = (
				EE3D5BF21DB6201E0056968C /* Sources */,
				EE3D5BF31DB6201E0056968C /* Frameworks */,
				EE3D5BF41DB6201E0056968C /* Resources */,
			);
			buildRules = (
			);
			dependencies = (
				EE3D5BF81DB6201E0056968C /* PBXTargetDependency */,
			);
			name = FiveChessGameUITests;
			productName = FiveChessGameUITests;
			productReference = EE3D5BF61DB6201E0056968C /* FiveChessGameUITests.xctest */;
			productType = "com.apple.product-type.bundle.ui-testing";
		};
/* End PBXNativeTarget section */

/* Begin PBXProject section */
		EE3D5BCA1DB6201E0056968C /* Project object */ = {
			isa = PBXProject;
			attributes = {
				LastUpgradeCheck = 0800;
				ORGANIZATIONNAME = dxl;
				TargetAttributes = {
					EE3D5BD11DB6201E0056968C = {
						CreatedOnToolsVersion = 8.0;
						DevelopmentTeam = 3T7PG2G445;
						ProvisioningStyle = Automatic;
					};
					EE3D5BEA1DB6201E0056968C = {
						CreatedOnToolsVersion = 8.0;
						DevelopmentTeam = 3T7PG2G445;
						ProvisioningStyle = Automatic;
						TestTargetID = EE3D5BD11DB6201E0056968C;
					};
					EE3D5BF51DB6201E0056968C = {
						CreatedOnToolsVersion = 8.0;
						DevelopmentTeam = 3T7PG2G445;
						ProvisioningStyle = Automatic;
						TestTargetID = EE3D5BD11DB6201E0056968C;
					};
				};
			};
			buildConfigurationList = EE3D5BCD1DB6201E0056968C /* Build configuration list for PBXProject "FiveChessGame" */;
			compatibilityVersion = "Xcode 3.2";
			developmentRegion = English;
			hasScannedForEncodings = 0;
			knownRegions = (
				en,
				Base,
			);
			mainGroup = EE3D5BC91DB6201E0056968C;
			productRefGroup = EE3D5BD31DB6201E0056968C /* Products */;
			projectDirPath = "";
			projectRoot = "";
			targets = (
				EE3D5BD11DB6201E0056968C /* FiveChessGame */,
				EE3D5BEA1DB6201E0056968C /* FiveChessGameTests */,
				EE3D5BF51DB6201E0056968C /* FiveChessGameUITests */,
			);
		};
/* End PBXProject section */

/* Begin PBXResourcesBuildPhase section */
		EE3D5BD01DB6201E0056968C /* Resources */ = {
			isa = PBXResourcesBuildPhase;
			buildActionMask = 2147483647;
			files = (
				EE3D5BE51DB6201E0056968C /* LaunchScreen.storyboard in Resources */,
				EE3D5BE21DB6201E0056968C /* Assets.xcassets in Resources */,
				EE3D5BE01DB6201E0056968C /* Main.storyboard in Resources */,
			);
			runOnlyForDeploymentPostprocessing = 0;
		};
		EE3D5BE91DB6201E0056968C /* Resources */ = {
			isa = PBXResourcesBuildPhase;
			buildActionMask = 2147483647;
			files = (
			);
			runOnlyForDeploymentPostprocessing = 0;
		};
		EE3D5BF41DB6201E0056968C /* Resources */ = {
			isa = PBXResourcesBuildPhase;
			buildActionMask = 2147483647;
			files = (
			);
			runOnlyForDeploymentPostprocessing = 0;
		};
/* End PBXResourcesBuildPhase section */

/* Begin PBXSourcesBuildPhase section */
		EE3D5BCE1DB6201E0056968C /* Sources */ = {
			isa = PBXSourcesBuildPhase;
			buildActionMask = 2147483647;
			files = (
				EE5FEBA21DB7549700051710 /* PlayData.m in Sources */,
				901D69541F0F6EC3007B86DB /* AsyncSocket.m in Sources */,
				EE5FEBA31DB7549700051710 /* PlayManager.m in Sources */,
				EE5FEBA11DB7549700051710 /* MyPoint.m in Sources */,
				901D69681F0F6F29007B86DB /* AppDelegate.m in Sources */,
				901D69581F0F6EC3007B86DB /* NetWorkHelper.m in Sources */,
				901D69651F0F6F29007B86DB /* GameViewController.m in Sources */,
				EE5FEB951DB734E700051710 /* GameViews.m in Sources */,
				901D69661F0F6F29007B86DB /* PlayerListViewController.m in Sources */,
				901D695A1F0F6EC3007B86DB /* UDPSendManager.m in Sources */,
				901D69671F0F6F29007B86DB /* ViewController.m in Sources */,
				901D69551F0F6EC3007B86DB /* AsyncUdpSocket.m in Sources */,
				901D69591F0F6EC3007B86DB /* UDPReciveManager.m in Sources */,
				901D69561F0F6EC3007B86DB /* DeveiceDataModel.m in Sources */,
				901D69571F0F6EC3007B86DB /* IPHelper.m in Sources */,
				EE3D5BD71DB6201E0056968C /* main.m in Sources */,
			);
			runOnlyForDeploymentPostprocessing = 0;
		};
		EE3D5BE71DB6201E0056968C /* Sources */ = {
			isa = PBXSourcesBuildPhase;
			buildActionMask = 2147483647;
			files = (
				EE3D5BF01DB6201E0056968C /* FiveChessGameTests.m in Sources */,
			);
			runOnlyForDeploymentPostprocessing = 0;
		};
		EE3D5BF21DB6201E0056968C /* Sources */ = {
			isa = PBXSourcesBuildPhase;
			buildActionMask = 2147483647;
			files = (
				EE3D5BFB1DB6201E0056968C /* FiveChessGameUITests.m in Sources */,
			);
			runOnlyForDeploymentPostprocessing = 0;
		};
/* End PBXSourcesBuildPhase section */

/* Begin PBXTargetDependency section */
		EE3D5BED1DB6201E0056968C /* PBXTargetDependency */ = {
			isa = PBXTargetDependency;
			target = EE3D5BD11DB6201E0056968C /* FiveChessGame */;
			targetProxy = EE3D5BEC1DB6201E0056968C /* PBXContainerItemProxy */;
		};
		EE3D5BF81DB6201E0056968C /* PBXTargetDependency */ = {
			isa = PBXTargetDependency;
			target = EE3D5BD11DB6201E0056968C /* FiveChessGame */;
			targetProxy = EE3D5BF71DB6201E0056968C /* PBXContainerItemProxy */;
		};
/* End PBXTargetDependency section */

/* Begin PBXVariantGroup section */
		EE3D5BDE1DB6201E0056968C /* Main.storyboard */ = {
			isa = PBXVariantGroup;
			children = (
				EE3D5BDF1DB6201E0056968C /* Base */,
			);
			name = Main.storyboard;
			sourceTree = "<group>";
		};
		EE3D5BE31DB6201E0056968C /* LaunchScreen.storyboard */ = {
			isa = PBXVariantGroup;
			children = (
				EE3D5BE41DB6201E0056968C /* Base */,
			);
			name = LaunchScreen.storyboard;
			sourceTree = "<group>";
		};
/* End PBXVariantGroup section */

/* Begin XCBuildConfiguration section */
		EE3D5BFD1DB6201E0056968C /* Debug */ = {
			isa = XCBuildConfiguration;
			buildSettings = {
				ALWAYS_SEARCH_USER_PATHS = NO;
				CLANG_ANALYZER_NONNULL = YES;
				CLANG_CXX_LANGUAGE_STANDARD = "gnu++0x";
				CLANG_CXX_LIBRARY = "libc++";
				CLANG_ENABLE_MODULES = YES;
				CLANG_ENABLE_OBJC_ARC = YES;
				CLANG_WARN_BOOL_CONVERSION = YES;
				CLANG_WARN_CONSTANT_CONVERSION = YES;
				CLANG_WARN_DIRECT_OBJC_ISA_USAGE = YES_ERROR;
				CLANG_WARN_DOCUMENTATION_COMMENTS = YES;
				CLANG_WARN_EMPTY_BODY = YES;
				CLANG_WARN_ENUM_CONVERSION = YES;
				CLANG_WARN_INFINITE_RECURSION = YES;
				CLANG_WARN_INT_CONVERSION = YES;
				CLANG_WARN_OBJC_ROOT_CLASS = YES_ERROR;
				CLANG_WARN_SUSPICIOUS_MOVES = YES;
				CLANG_WARN_UNREACHABLE_CODE = YES;
				CLANG_WARN__DUPLICATE_METHOD_MATCH = YES;
				"CODE_SIGN_IDENTITY[sdk=iphoneos*]" = "iPhone Developer";
				COPY_PHASE_STRIP = NO;
				DEBUG_INFORMATION_FORMAT = dwarf;
				ENABLE_STRICT_OBJC_MSGSEND = YES;
				ENABLE_TESTABILITY = YES;
				GCC_C_LANGUAGE_STANDARD = gnu99;
				GCC_DYNAMIC_NO_PIC = NO;
				GCC_NO_COMMON_BLOCKS = YES;
				GCC_OPTIMIZATION_LEVEL = 0;
				GCC_PREPROCESSOR_DEFINITIONS = (
					"DEBUG=1",
					"$(inherited)",
				);
				GCC_WARN_64_TO_32_BIT_CONVERSION = YES;
				GCC_WARN_ABOUT_RETURN_TYPE = YES_ERROR;
				GCC_WARN_UNDECLARED_SELECTOR = YES;
				GCC_WARN_UNINITIALIZED_AUTOS = YES_AGGRESSIVE;
				GCC_WARN_UNUSED_FUNCTION = YES;
				GCC_WARN_UNUSED_VARIABLE = YES;
				IPHONEOS_DEPLOYMENT_TARGET = 10.0;
				MTL_ENABLE_DEBUG_INFO = YES;
				ONLY_ACTIVE_ARCH = YES;
				SDKROOT = iphoneos;
			};
			name = Debug;
		};
		EE3D5BFE1DB6201E0056968C /* Release */ = {
			isa = XCBuildConfiguration;
			buildSettings = {
				ALWAYS_SEARCH_USER_PATHS = NO;
				CLANG_ANALYZER_NONNULL = YES;
				CLANG_CXX_LANGUAGE_STANDARD = "gnu++0x";
				CLANG_CXX_LIBRARY = "libc++";
				CLANG_ENABLE_MODULES = YES;
				CLANG_ENABLE_OBJC_ARC = YES;
				CLANG_WARN_BOOL_CONVERSION = YES;
				CLANG_WARN_CONSTANT_CONVERSION = YES;
				CLANG_WARN_DIRECT_OBJC_ISA_USAGE = YES_ERROR;
				CLANG_WARN_DOCUMENTATION_COMMENTS = YES;
				CLANG_WARN_EMPTY_BODY = YES;
				CLANG_WARN_ENUM_CONVERSION = YES;
				CLANG_WARN_INFINITE_RECURSION = YES;
				CLANG_WARN_INT_CONVERSION = YES;
				CLANG_WARN_OBJC_ROOT_CLASS = YES_ERROR;
				CLANG_WARN_SUSPICIOUS_MOVES = YES;
				CLANG_WARN_UNREACHABLE_CODE = YES;
				CLANG_WARN__DUPLICATE_METHOD_MATCH = YES;
				"CODE_SIGN_IDENTITY[sdk=iphoneos*]" = "iPhone Developer";
				COPY_PHASE_STRIP = NO;
				DEBUG_INFORMATION_FORMAT = "dwarf-with-dsym";
				ENABLE_NS_ASSERTIONS = NO;
				ENABLE_STRICT_OBJC_MSGSEND = YES;
				GCC_C_LANGUAGE_STANDARD = gnu99;
				GCC_NO_COMMON_BLOCKS = YES;
				GCC_WARN_64_TO_32_BIT_CONVERSION = YES;
				GCC_WARN_ABOUT_RETURN_TYPE = YES_ERROR;
				GCC_WARN_UNDECLARED_SELECTOR = YES;
				GCC_WARN_UNINITIALIZED_AUTOS = YES_AGGRESSIVE;
				GCC_WARN_UNUSED_FUNCTION = YES;
				GCC_WARN_UNUSED_VARIABLE = YES;
				IPHONEOS_DEPLOYMENT_TARGET = 10.0;
				MTL_ENABLE_DEBUG_INFO = NO;
				SDKROOT = iphoneos;
				VALIDATE_PRODUCT = YES;
			};
			name = Release;
		};
		EE3D5C001DB6201E0056968C /* Debug */ = {
			isa = XCBuildConfiguration;
			buildSettings = {
				ASSETCATALOG_COMPILER_APPICON_NAME = AppIcon;
				"CODE_SIGN_IDENTITY[sdk=iphoneos*]" = "iPhone Developer";
				DEVELOPMENT_TEAM = 3T7PG2G445;
				INFOPLIST_FILE = FiveChessGame/Info.plist;
				IPHONEOS_DEPLOYMENT_TARGET = 9.2;
				LD_RUNPATH_SEARCH_PATHS = "$(inherited) @executable_path/Frameworks";
				PRODUCT_BUNDLE_IDENTIFIER = com.dxl.XLRefresh;
				PRODUCT_NAME = "$(TARGET_NAME)";
			};
			name = Debug;
		};
		EE3D5C011DB6201E0056968C /* Release */ = {
			isa = XCBuildConfiguration;
			buildSettings = {
				ASSETCATALOG_COMPILER_APPICON_NAME = AppIcon;
				"CODE_SIGN_IDENTITY[sdk=iphoneos*]" = "iPhone Developer";
				DEVELOPMENT_TEAM = 3T7PG2G445;
				INFOPLIST_FILE = FiveChessGame/Info.plist;
				IPHONEOS_DEPLOYMENT_TARGET = 9.2;
				LD_RUNPATH_SEARCH_PATHS = "$(inherited) @executable_path/Frameworks";
				PRODUCT_BUNDLE_IDENTIFIER = com.dxl.XLRefresh;
				PRODUCT_NAME = "$(TARGET_NAME)";
			};
			name = Release;
		};
		EE3D5C031DB6201E0056968C /* Debug */ = {
			isa = XCBuildConfiguration;
			buildSettings = {
				BUNDLE_LOADER = "$(TEST_HOST)";
				DEVELOPMENT_TEAM = 3T7PG2G445;
				INFOPLIST_FILE = FiveChessGameTests/Info.plist;
				LD_RUNPATH_SEARCH_PATHS = "$(inherited) @executable_path/Frameworks @loader_path/Frameworks";
				PRODUCT_BUNDLE_IDENTIFIER = com.dxl.FiveChessGameTests;
				PRODUCT_NAME = "$(TARGET_NAME)";
				TEST_HOST = "$(BUILT_PRODUCTS_DIR)/FiveChessGame.app/FiveChessGame";
			};
			name = Debug;
		};
		EE3D5C041DB6201E0056968C /* Release */ = {
			isa = XCBuildConfiguration;
			buildSettings = {
				BUNDLE_LOADER = "$(TEST_HOST)";
				DEVELOPMENT_TEAM = 3T7PG2G445;
				INFOPLIST_FILE = FiveChessGameTests/Info.plist;
				LD_RUNPATH_SEARCH_PATHS = "$(inherited) @executable_path/Frameworks @loader_path/Frameworks";
				PRODUCT_BUNDLE_IDENTIFIER = com.dxl.FiveChessGameTests;
				PRODUCT_NAME = "$(TARGET_NAME)";
				TEST_HOST = "$(BUILT_PRODUCTS_DIR)/FiveChessGame.app/FiveChessGame";
			};
			name = Release;
		};
		EE3D5C061DB6201E0056968C /* Debug */ = {
			isa = XCBuildConfiguration;
			buildSettings = {
				DEVELOPMENT_TEAM = 3T7PG2G445;
				INFOPLIST_FILE = FiveChessGameUITests/Info.plist;
				LD_RUNPATH_SEARCH_PATHS = "$(inherited) @executable_path/Frameworks @loader_path/Frameworks";
				PRODUCT_BUNDLE_IDENTIFIER = com.dxl.FiveChessGameUITests;
				PRODUCT_NAME = "$(TARGET_NAME)";
				TEST_TARGET_NAME = FiveChessGame;
			};
			name = Debug;
		};
		EE3D5C071DB6201E0056968C /* Release */ = {
			isa = XCBuildConfiguration;
			buildSettings = {
				DEVELOPMENT_TEAM = 3T7PG2G445;
				INFOPLIST_FILE = FiveChessGameUITests/Info.plist;
				LD_RUNPATH_SEARCH_PATHS = "$(inherited) @executable_path/Frameworks @loader_path/Frameworks";
				PRODUCT_BUNDLE_IDENTIFIER = com.dxl.FiveChessGameUITests;
				PRODUCT_NAME = "$(TARGET_NAME)";
				TEST_TARGET_NAME = FiveChessGame;
			};
			name = Release;
		};
/* End XCBuildConfiguration section */

/* Begin XCConfigurationList section */
		EE3D5BCD1DB6201E0056968C /* Build configuration list for PBXProject "FiveChessGame" */ = {
			isa = XCConfigurationList;
			buildConfigurations = (
				EE3D5BFD1DB6201E0056968C /* Debug */,
				EE3D5BFE1DB6201E0056968C /* Release */,
			);
			defaultConfigurationIsVisible = 0;
			defaultConfigurationName = Release;
		};
		EE3D5BFF1DB6201E0056968C /* Build configuration list for PBXNativeTarget "FiveChessGame" */ = {
			isa = XCConfigurationList;
			buildConfigurations = (
				EE3D5C001DB6201E0056968C /* Debug */,
				EE3D5C011DB6201E0056968C /* Release */,
			);
			defaultConfigurationIsVisible = 0;
			defaultConfigurationName = Release;
		};
		EE3D5C021DB6201E0056968C /* Build configuration list for PBXNativeTarget "FiveChessGameTests" */ = {
			isa = XCConfigurationList;
			buildConfigurations = (
				EE3D5C031DB6201E0056968C /* Debug */,
				EE3D5C041DB6201E0056968C /* Release */,
			);
			defaultConfigurationIsVisible = 0;
			defaultConfigurationName = Release;
		};
		EE3D5C051DB6201E0056968C /* Build configuration list for PBXNativeTarget "FiveChessGameUITests" */ = {
			isa = XCConfigurationList;
			buildConfigurations = (
				EE3D5C061DB6201E0056968C /* Debug */,
				EE3D5C071DB6201E0056968C /* Release */,
			);
			defaultConfigurationIsVisible = 0;
			defaultConfigurationName = Release;
		};
/* End XCConfigurationList section */
	};
	rootObject = EE3D5BCA1DB6201E0056968C /* Project object */;
}
